
Microsoft Visual Studio Solution File, Format Version 12.00
# Visual Studio Version 17
VisualStudioVersion = 17.2.32519.379
MinimumVisualStudioVersion = 10.0.40219.1
Project("{FAE04EC0-301F-11D3-BF4B-00C04F79EFBC}") = "ce100-hw5-algo-lib-cs", "ce100-hw5-algo-lib-cs\ce100-hw5-algo-lib-cs.csproj", "{CA6F06B5-2AA2-48F2-BA53-94F06D9A4527}"
EndProject
Project("{FAE04EC0-301F-11D3-BF4B-00C04F79EFBC}") = "ce100-hw5-algo-test-cs", "ce100-hw5-algo-test-cs\ce100-hw5-algo-test-cs.csproj", "{8F00B383-6599-48FF-BE9E-5FD832BE3AE0}"
EndProject
Global
	GlobalSection(SolutionConfigurationPlatforms) = preSolution
		Debug|Any CPU = Debug|Any CPU
		Release|Any CPU = Release|Any CPU
	EndGlobalSection
	GlobalSection(ProjectConfigurationPlatforms) = postSolution
		{CA6F06B5-2AA2-48F2-BA53-94F06D9A4527}.Debug|Any CPU.ActiveCfg = Debug|Any CPU
		{CA6F06B5-2AA2-48F2-BA53-94F06D9A4527}.Debug|Any CPU.Build.0 = Debug|Any CPU
		{CA6F06B5-2AA2-48F2-BA53-94F06D9A4527}.Release|Any CPU.ActiveCfg = Release|Any CPU
		{CA6F06B5-2AA2-48F2-BA53-94F06D9A4527}.Release|Any CPU.Build.0 = Release|Any CPU
		{8F00B383-6599-48FF-BE9E-5FD832BE3AE0}.Debug|Any CPU.ActiveCfg = Debug|Any CPU
		{8F00B383-6599-48FF-BE9E-5FD832BE3AE0}.Debug|Any CPU.Build.0 = Debug|Any CPU
		{8F00B383-6599-48FF-BE9E-5FD832BE3AE0}.Release|Any CPU.ActiveCfg = Release|Any CPU
		{8F00B383-6599-48FF-BE9E-5FD832BE3AE0}.Release|Any CPU.Build.0 = Release|Any CPU
	EndGlobalSection
	GlobalSection(SolutionProperties) = preSolution
		HideSolutionNode = FALSE
	EndGlobalSection
	GlobalSection(ExtensibilityGlobals) = postSolution
		SolutionGuid = {40673704-4B30-4793-91E8-4FCC82CB0655}
	EndGlobalSection
EndGlobal
